
Microsoft Visual Studio Solution File, Format Version 12.00
# Visual Studio 2012
Project("{FAE04EC0-301F-11D3-BF4B-00C04F79EFBC}") = "Лекция 2.1 - Классы и структуры", "Lecture21\Лекция 2.1 - Классы и структуры.csproj", "{A6C5C824-2B01-4100-AB8C-4CB50F4A252C}"
EndProject
Project("{FAE04EC0-301F-11D3-BF4B-00C04F79EFBC}") = "Лекция 2.2 - Методы", "Lecture22\Лекция 2.2 - Методы.csproj", "{2D7B26C6-C786-4CE9-8442-F711C493917C}"
EndProject
Project("{2150E333-8FDC-42A3-9474-1A3956D46DE8}") = "Модуль 2 - Инкапсуляция", "Модуль 2 - Инкапсуляция", "{351394E1-F128-4725-BD62-DB03992E9757}"
EndProject
Project("{FAE04EC0-301F-11D3-BF4B-00C04F79EFBC}") = "Лекция 2.3 - Целостность данных и свойства", "Lecture23\Лекция 2.3 - Целостность данных и свойства.csproj", "{9BFD2B59-C5F6-4C54-BA0C-3FCE63076FF3}"
EndProject
Project("{2150E333-8FDC-42A3-9474-1A3956D46DE8}") = "Модуль 3 - Автоматическое тестирование", "Модуль 3 - Автоматическое тестирование", "{90895662-C9A5-485F-AAAC-BB84EC07B8B9}"
EndProject
Project("{FAE04EC0-301F-11D3-BF4B-00C04F79EFBC}") = "Library", "Lecture31.Library\Library.csproj", "{0F31E012-294C-419F-B7C4-DB055B047E6F}"
EndProject
Project("{FAE04EC0-301F-11D3-BF4B-00C04F79EFBC}") = "Runner", "Lecture31.Runner\Runner.csproj", "{B6687AD5-3CE2-46F4-99E3-84DEE85F8503}"
EndProject
Project("{FAE04EC0-301F-11D3-BF4B-00C04F79EFBC}") = "Tests", "Lecture31.Tests\Tests.csproj", "{5A30DA47-5724-497A-96E2-9C4331D1AC4A}"
EndProject
Project("{2150E333-8FDC-42A3-9474-1A3956D46DE8}") = "Лекция 3.1 - Функциональные и модульные тесты", "Лекция 3.1 - Функциональные и модульные тесты", "{BD5C9724-C623-4942-AB84-9C39DF06F8F6}"
EndProject
Global
	GlobalSection(SolutionConfigurationPlatforms) = preSolution
		Debug|Any CPU = Debug|Any CPU
		Release|Any CPU = Release|Any CPU
	EndGlobalSection
	GlobalSection(ProjectConfigurationPlatforms) = postSolution
		{A6C5C824-2B01-4100-AB8C-4CB50F4A252C}.Debug|Any CPU.ActiveCfg = Debug|Any CPU
		{A6C5C824-2B01-4100-AB8C-4CB50F4A252C}.Debug|Any CPU.Build.0 = Debug|Any CPU
		{A6C5C824-2B01-4100-AB8C-4CB50F4A252C}.Release|Any CPU.ActiveCfg = Release|Any CPU
		{A6C5C824-2B01-4100-AB8C-4CB50F4A252C}.Release|Any CPU.Build.0 = Release|Any CPU
		{2D7B26C6-C786-4CE9-8442-F711C493917C}.Debug|Any CPU.ActiveCfg = Debug|Any CPU
		{2D7B26C6-C786-4CE9-8442-F711C493917C}.Debug|Any CPU.Build.0 = Debug|Any CPU
		{2D7B26C6-C786-4CE9-8442-F711C493917C}.Release|Any CPU.ActiveCfg = Release|Any CPU
		{2D7B26C6-C786-4CE9-8442-F711C493917C}.Release|Any CPU.Build.0 = Release|Any CPU
		{9BFD2B59-C5F6-4C54-BA0C-3FCE63076FF3}.Debug|Any CPU.ActiveCfg = Debug|Any CPU
		{9BFD2B59-C5F6-4C54-BA0C-3FCE63076FF3}.Debug|Any CPU.Build.0 = Debug|Any CPU
		{9BFD2B59-C5F6-4C54-BA0C-3FCE63076FF3}.Release|Any CPU.ActiveCfg = Release|Any CPU
		{9BFD2B59-C5F6-4C54-BA0C-3FCE63076FF3}.Release|Any CPU.Build.0 = Release|Any CPU
		{0F31E012-294C-419F-B7C4-DB055B047E6F}.Debug|Any CPU.ActiveCfg = Debug|Any CPU
		{0F31E012-294C-419F-B7C4-DB055B047E6F}.Debug|Any CPU.Build.0 = Debug|Any CPU
		{0F31E012-294C-419F-B7C4-DB055B047E6F}.Release|Any CPU.ActiveCfg = Release|Any CPU
		{0F31E012-294C-419F-B7C4-DB055B047E6F}.Release|Any CPU.Build.0 = Release|Any CPU
		{B6687AD5-3CE2-46F4-99E3-84DEE85F8503}.Debug|Any CPU.ActiveCfg = Debug|Any CPU
		{B6687AD5-3CE2-46F4-99E3-84DEE85F8503}.Debug|Any CPU.Build.0 = Debug|Any CPU
		{B6687AD5-3CE2-46F4-99E3-84DEE85F8503}.Release|Any CPU.ActiveCfg = Release|Any CPU
		{B6687AD5-3CE2-46F4-99E3-84DEE85F8503}.Release|Any CPU.Build.0 = Release|Any CPU
		{5A30DA47-5724-497A-96E2-9C4331D1AC4A}.Debug|Any CPU.ActiveCfg = Debug|Any CPU
		{5A30DA47-5724-497A-96E2-9C4331D1AC4A}.Debug|Any CPU.Build.0 = Debug|Any CPU
		{5A30DA47-5724-497A-96E2-9C4331D1AC4A}.Release|Any CPU.ActiveCfg = Release|Any CPU
		{5A30DA47-5724-497A-96E2-9C4331D1AC4A}.Release|Any CPU.Build.0 = Release|Any CPU
	EndGlobalSection
	GlobalSection(SolutionProperties) = preSolution
		HideSolutionNode = FALSE
	EndGlobalSection
	GlobalSection(NestedProjects) = preSolution
		{A6C5C824-2B01-4100-AB8C-4CB50F4A252C} = {351394E1-F128-4725-BD62-DB03992E9757}
		{2D7B26C6-C786-4CE9-8442-F711C493917C} = {351394E1-F128-4725-BD62-DB03992E9757}
		{9BFD2B59-C5F6-4C54-BA0C-3FCE63076FF3} = {351394E1-F128-4725-BD62-DB03992E9757}
		{BD5C9724-C623-4942-AB84-9C39DF06F8F6} = {90895662-C9A5-485F-AAAC-BB84EC07B8B9}
		{0F31E012-294C-419F-B7C4-DB055B047E6F} = {BD5C9724-C623-4942-AB84-9C39DF06F8F6}
		{B6687AD5-3CE2-46F4-99E3-84DEE85F8503} = {BD5C9724-C623-4942-AB84-9C39DF06F8F6}
		{5A30DA47-5724-497A-96E2-9C4331D1AC4A} = {BD5C9724-C623-4942-AB84-9C39DF06F8F6}
	EndGlobalSection
EndGlobal
