
Microsoft Visual Studio Solution File, Format Version 12.00
# Visual Studio 2012
Project("{FAE04EC0-301F-11D3-BF4B-00C04F79EFBC}") = "Лекция 2.1 - Классы и структуры", "Lecture21\Лекция 2.1 - Классы и структуры.csproj", "{A6C5C824-2B01-4100-AB8C-4CB50F4A252C}"
EndProject
Project("{FAE04EC0-301F-11D3-BF4B-00C04F79EFBC}") = "Лекция 2.2 - Методы", "Lecture22\Лекция 2.2 - Методы.csproj", "{2D7B26C6-C786-4CE9-8442-F711C493917C}"
EndProject
Project("{2150E333-8FDC-42A3-9474-1A3956D46DE8}") = "Модуль 02 - Инкапсуляция", "Модуль 02 - Инкапсуляция", "{351394E1-F128-4725-BD62-DB03992E9757}"
EndProject
Project("{FAE04EC0-301F-11D3-BF4B-00C04F79EFBC}") = "Лекция 2.3 - Целостность данных и свойства", "Lecture23\Лекция 2.3 - Целостность данных и свойства.csproj", "{9BFD2B59-C5F6-4C54-BA0C-3FCE63076FF3}"
EndProject
Project("{2150E333-8FDC-42A3-9474-1A3956D46DE8}") = "Модуль 03 - Автоматическое тестирование", "Модуль 03 - Автоматическое тестирование", "{90895662-C9A5-485F-AAAC-BB84EC07B8B9}"
EndProject
Project("{FAE04EC0-301F-11D3-BF4B-00C04F79EFBC}") = "Library", "Lecture31.Library\Library.csproj", "{0F31E012-294C-419F-B7C4-DB055B047E6F}"
EndProject
Project("{FAE04EC0-301F-11D3-BF4B-00C04F79EFBC}") = "Runner", "Lecture31.Runner\Runner.csproj", "{B6687AD5-3CE2-46F4-99E3-84DEE85F8503}"
EndProject
Project("{FAE04EC0-301F-11D3-BF4B-00C04F79EFBC}") = "Tests", "Lecture31.Tests\Tests.csproj", "{5A30DA47-5724-497A-96E2-9C4331D1AC4A}"
EndProject
Project("{2150E333-8FDC-42A3-9474-1A3956D46DE8}") = "Лекция 3.1 - Функциональные и модульные тесты", "Лекция 3.1 - Функциональные и модульные тесты", "{BD5C9724-C623-4942-AB84-9C39DF06F8F6}"
EndProject
Project("{2150E333-8FDC-42A3-9474-1A3956D46DE8}") = "Модуль 04 - Файлы и ресурсы", "Модуль 04 - Файлы и ресурсы", "{871BDCE4-095A-464A-914A-AA26209E1C12}"
EndProject
Project("{FAE04EC0-301F-11D3-BF4B-00C04F79EFBC}") = "Лекция 4.1 - Файлы", "Lecture41\Лекция 4.1 - Файлы.csproj", "{19C7870C-0112-458F-84C6-3A73D1F65BC7}"
EndProject
Project("{FAE04EC0-301F-11D3-BF4B-00C04F79EFBC}") = "Лекция 4.2 - Управление памятью", "Lecture42\Лекция 4.2 - Управление памятью.csproj", "{168B899F-5623-4554-AA91-260C4A46B202}"
EndProject
Project("{2150E333-8FDC-42A3-9474-1A3956D46DE8}") = "Модуль 05 - Наследование и полиморфизм", "Модуль 05 - Наследование и полиморфизм", "{67720584-2001-4906-968A-D0889D28A299}"
EndProject
Project("{FAE04EC0-301F-11D3-BF4B-00C04F79EFBC}") = "Лекция 5.1. - Интерфейсы", "Lecture51\Лекция 5.1. - Интерфейсы.csproj", "{F377FA71-FAB2-431B-A65C-FBC40BFA35D9}"
EndProject
Project("{FAE04EC0-301F-11D3-BF4B-00C04F79EFBC}") = "Лекция 5.2. - Базовые классы", "Lecture52\Лекция 5.2. - Базовые классы.csproj", "{30B55616-2032-484C-BACE-C7CB341DFF05}"
EndProject
Project("{2150E333-8FDC-42A3-9474-1A3956D46DE8}") = "Модуль 06 - Рефлексия типов", "Модуль 06 - Рефлексия типов", "{F81E2AC6-6CFA-49E5-9282-A68ADC61EC41}"
EndProject
Project("{FAE04EC0-301F-11D3-BF4B-00C04F79EFBC}") = "Лекция 6.1 - Рефлексия типов", "Lecture61\Лекция 6.1 - Рефлексия типов.csproj", "{ED6D5943-D50A-479E-AD73-35198EBF671D}"
EndProject
Project("{2150E333-8FDC-42A3-9474-1A3956D46DE8}") = "Модуль 07 - Генерики", "Модуль 07 - Генерики", "{C7320480-3055-4E70-840E-00D1397224DE}"
EndProject
Project("{FAE04EC0-301F-11D3-BF4B-00C04F79EFBC}") = "Lecture7.1 - Генерик-коллекции", "Lecture71\Lecture7.1 - Генерик-коллекции.csproj", "{D9EFABEE-DD5B-49FC-9544-72CB3EB6C221}"
EndProject
Project("{FAE04EC0-301F-11D3-BF4B-00C04F79EFBC}") = "Lecture7.2 - Создание генерик-типа", "Lecture72\Lecture7.2 - Создание генерик-типа.csproj", "{CD6FFF5E-A2DC-48E1-BA16-EF6F72A51750}"
EndProject
Project("{FAE04EC0-301F-11D3-BF4B-00C04F79EFBC}") = "Lecture7.3 - Генерик-интерфейсы", "Lecture73\Lecture7.3 - Генерик-интерфейсы.csproj", "{6BDBC14A-2B8A-4354-974C-DCC695ED0BA1}"
EndProject
Project("{2150E333-8FDC-42A3-9474-1A3956D46DE8}") = "Модуль 08 - Делегаты и события", "Модуль 08 - Делегаты и события", "{970ED5B7-848E-4A64-818F-2B7B24F0F7C3}"
EndProject
Project("{FAE04EC0-301F-11D3-BF4B-00C04F79EFBC}") = "Лекция 8.1 - Делегаты", "Lecture81\Лекция 8.1 - Делегаты.csproj", "{DACAB07D-1C35-4437-97EA-FFB10E0A70F2}"
EndProject
Project("{FAE04EC0-301F-11D3-BF4B-00C04F79EFBC}") = "Лекция 8.2 - События", "Lecture82\Лекция 8.2 - События.csproj", "{15B6560D-A7D4-4E9D-BE92-240C89AC8048}"
EndProject
Project("{FAE04EC0-301F-11D3-BF4B-00C04F79EFBC}") = "Лекция 8.3 - Windows Forms", "Lecture83\Лекция 8.3 - Windows Forms.csproj", "{F00B62DC-733D-4F7E-A5A8-1E13280E37E0}"
EndProject
Project("{FAE04EC0-301F-11D3-BF4B-00C04F79EFBC}") = "Лекция 8.4 - LINQ Expressions", "Lecture84\Лекция 8.4 - LINQ Expressions.csproj", "{548A0FCB-36BD-4721-9884-B3FC52707364}"
EndProject
Project("{2150E333-8FDC-42A3-9474-1A3956D46DE8}") = "Модуль 09 - LINQ", "Модуль 09 - LINQ", "{9C860D8E-15C9-4615-9EE7-568CA8A3C86D}"
EndProject
Project("{FAE04EC0-301F-11D3-BF4B-00C04F79EFBC}") = "Лекция 9.1 - Перечислимые типы", "Lecture91\Лекция 9.1 - Перечислимые типы.csproj", "{C5246FD9-8046-4428-91DF-D3D1116C2FD6}"
EndProject
Project("{FAE04EC0-301F-11D3-BF4B-00C04F79EFBC}") = "Лекция 9.2 - LINQ", "Lecture92\Лекция 9.2 - LINQ.csproj", "{D6079D66-64B2-4A09-99BF-E07C15BF8101}"
EndProject
Project("{FAE04EC0-301F-11D3-BF4B-00C04F79EFBC}") = "Common", "Common\Common.csproj", "{43D780AA-642B-4D21-B6B2-F3C0390A7973}"
EndProject
Project("{2150E333-8FDC-42A3-9474-1A3956D46DE8}") = "Модуль 10 - Параллельное программирование", "Модуль 10 - Параллельное программирование", "{64AED2CC-C242-4655-A19C-817675BE634E}"
EndProject
Project("{FAE04EC0-301F-11D3-BF4B-00C04F79EFBC}") = "Лекция 10.2 - Асинхронное программирование интерфейсов", "Lecture102\Лекция 10.2 - Асинхронное программирование интерфейсов.csproj", "{0BE18144-8243-4472-A62C-67B7FCB410B8}"
EndProject
Global
	GlobalSection(SolutionConfigurationPlatforms) = preSolution
		Debug|Any CPU = Debug|Any CPU
		Debug|Mixed Platforms = Debug|Mixed Platforms
		Debug|x86 = Debug|x86
		Release|Any CPU = Release|Any CPU
		Release|Mixed Platforms = Release|Mixed Platforms
		Release|x86 = Release|x86
	EndGlobalSection
	GlobalSection(ProjectConfigurationPlatforms) = postSolution
		{A6C5C824-2B01-4100-AB8C-4CB50F4A252C}.Debug|Any CPU.ActiveCfg = Debug|Any CPU
		{A6C5C824-2B01-4100-AB8C-4CB50F4A252C}.Debug|Any CPU.Build.0 = Debug|Any CPU
		{A6C5C824-2B01-4100-AB8C-4CB50F4A252C}.Debug|Mixed Platforms.ActiveCfg = Debug|Any CPU
		{A6C5C824-2B01-4100-AB8C-4CB50F4A252C}.Debug|Mixed Platforms.Build.0 = Debug|Any CPU
		{A6C5C824-2B01-4100-AB8C-4CB50F4A252C}.Debug|x86.ActiveCfg = Debug|Any CPU
		{A6C5C824-2B01-4100-AB8C-4CB50F4A252C}.Release|Any CPU.ActiveCfg = Release|Any CPU
		{A6C5C824-2B01-4100-AB8C-4CB50F4A252C}.Release|Any CPU.Build.0 = Release|Any CPU
		{A6C5C824-2B01-4100-AB8C-4CB50F4A252C}.Release|Mixed Platforms.ActiveCfg = Release|Any CPU
		{A6C5C824-2B01-4100-AB8C-4CB50F4A252C}.Release|Mixed Platforms.Build.0 = Release|Any CPU
		{A6C5C824-2B01-4100-AB8C-4CB50F4A252C}.Release|x86.ActiveCfg = Release|Any CPU
		{2D7B26C6-C786-4CE9-8442-F711C493917C}.Debug|Any CPU.ActiveCfg = Debug|Any CPU
		{2D7B26C6-C786-4CE9-8442-F711C493917C}.Debug|Any CPU.Build.0 = Debug|Any CPU
		{2D7B26C6-C786-4CE9-8442-F711C493917C}.Debug|Mixed Platforms.ActiveCfg = Debug|Any CPU
		{2D7B26C6-C786-4CE9-8442-F711C493917C}.Debug|Mixed Platforms.Build.0 = Debug|Any CPU
		{2D7B26C6-C786-4CE9-8442-F711C493917C}.Debug|x86.ActiveCfg = Debug|Any CPU
		{2D7B26C6-C786-4CE9-8442-F711C493917C}.Release|Any CPU.ActiveCfg = Release|Any CPU
		{2D7B26C6-C786-4CE9-8442-F711C493917C}.Release|Any CPU.Build.0 = Release|Any CPU
		{2D7B26C6-C786-4CE9-8442-F711C493917C}.Release|Mixed Platforms.ActiveCfg = Release|Any CPU
		{2D7B26C6-C786-4CE9-8442-F711C493917C}.Release|Mixed Platforms.Build.0 = Release|Any CPU
		{2D7B26C6-C786-4CE9-8442-F711C493917C}.Release|x86.ActiveCfg = Release|Any CPU
		{9BFD2B59-C5F6-4C54-BA0C-3FCE63076FF3}.Debug|Any CPU.ActiveCfg = Debug|Any CPU
		{9BFD2B59-C5F6-4C54-BA0C-3FCE63076FF3}.Debug|Any CPU.Build.0 = Debug|Any CPU
		{9BFD2B59-C5F6-4C54-BA0C-3FCE63076FF3}.Debug|Mixed Platforms.ActiveCfg = Debug|Any CPU
		{9BFD2B59-C5F6-4C54-BA0C-3FCE63076FF3}.Debug|Mixed Platforms.Build.0 = Debug|Any CPU
		{9BFD2B59-C5F6-4C54-BA0C-3FCE63076FF3}.Debug|x86.ActiveCfg = Debug|Any CPU
		{9BFD2B59-C5F6-4C54-BA0C-3FCE63076FF3}.Release|Any CPU.ActiveCfg = Release|Any CPU
		{9BFD2B59-C5F6-4C54-BA0C-3FCE63076FF3}.Release|Any CPU.Build.0 = Release|Any CPU
		{9BFD2B59-C5F6-4C54-BA0C-3FCE63076FF3}.Release|Mixed Platforms.ActiveCfg = Release|Any CPU
		{9BFD2B59-C5F6-4C54-BA0C-3FCE63076FF3}.Release|Mixed Platforms.Build.0 = Release|Any CPU
		{9BFD2B59-C5F6-4C54-BA0C-3FCE63076FF3}.Release|x86.ActiveCfg = Release|Any CPU
		{0F31E012-294C-419F-B7C4-DB055B047E6F}.Debug|Any CPU.ActiveCfg = Debug|Any CPU
		{0F31E012-294C-419F-B7C4-DB055B047E6F}.Debug|Any CPU.Build.0 = Debug|Any CPU
		{0F31E012-294C-419F-B7C4-DB055B047E6F}.Debug|Mixed Platforms.ActiveCfg = Debug|Any CPU
		{0F31E012-294C-419F-B7C4-DB055B047E6F}.Debug|Mixed Platforms.Build.0 = Debug|Any CPU
		{0F31E012-294C-419F-B7C4-DB055B047E6F}.Debug|x86.ActiveCfg = Debug|Any CPU
		{0F31E012-294C-419F-B7C4-DB055B047E6F}.Release|Any CPU.ActiveCfg = Release|Any CPU
		{0F31E012-294C-419F-B7C4-DB055B047E6F}.Release|Any CPU.Build.0 = Release|Any CPU
		{0F31E012-294C-419F-B7C4-DB055B047E6F}.Release|Mixed Platforms.ActiveCfg = Release|Any CPU
		{0F31E012-294C-419F-B7C4-DB055B047E6F}.Release|Mixed Platforms.Build.0 = Release|Any CPU
		{0F31E012-294C-419F-B7C4-DB055B047E6F}.Release|x86.ActiveCfg = Release|Any CPU
		{B6687AD5-3CE2-46F4-99E3-84DEE85F8503}.Debug|Any CPU.ActiveCfg = Debug|Any CPU
		{B6687AD5-3CE2-46F4-99E3-84DEE85F8503}.Debug|Any CPU.Build.0 = Debug|Any CPU
		{B6687AD5-3CE2-46F4-99E3-84DEE85F8503}.Debug|Mixed Platforms.ActiveCfg = Debug|Any CPU
		{B6687AD5-3CE2-46F4-99E3-84DEE85F8503}.Debug|Mixed Platforms.Build.0 = Debug|Any CPU
		{B6687AD5-3CE2-46F4-99E3-84DEE85F8503}.Debug|x86.ActiveCfg = Debug|Any CPU
		{B6687AD5-3CE2-46F4-99E3-84DEE85F8503}.Release|Any CPU.ActiveCfg = Release|Any CPU
		{B6687AD5-3CE2-46F4-99E3-84DEE85F8503}.Release|Any CPU.Build.0 = Release|Any CPU
		{B6687AD5-3CE2-46F4-99E3-84DEE85F8503}.Release|Mixed Platforms.ActiveCfg = Release|Any CPU
		{B6687AD5-3CE2-46F4-99E3-84DEE85F8503}.Release|Mixed Platforms.Build.0 = Release|Any CPU
		{B6687AD5-3CE2-46F4-99E3-84DEE85F8503}.Release|x86.ActiveCfg = Release|Any CPU
		{5A30DA47-5724-497A-96E2-9C4331D1AC4A}.Debug|Any CPU.ActiveCfg = Debug|Any CPU
		{5A30DA47-5724-497A-96E2-9C4331D1AC4A}.Debug|Any CPU.Build.0 = Debug|Any CPU
		{5A30DA47-5724-497A-96E2-9C4331D1AC4A}.Debug|Mixed Platforms.ActiveCfg = Debug|Any CPU
		{5A30DA47-5724-497A-96E2-9C4331D1AC4A}.Debug|Mixed Platforms.Build.0 = Debug|Any CPU
		{5A30DA47-5724-497A-96E2-9C4331D1AC4A}.Debug|x86.ActiveCfg = Debug|Any CPU
		{5A30DA47-5724-497A-96E2-9C4331D1AC4A}.Release|Any CPU.ActiveCfg = Release|Any CPU
		{5A30DA47-5724-497A-96E2-9C4331D1AC4A}.Release|Any CPU.Build.0 = Release|Any CPU
		{5A30DA47-5724-497A-96E2-9C4331D1AC4A}.Release|Mixed Platforms.ActiveCfg = Release|Any CPU
		{5A30DA47-5724-497A-96E2-9C4331D1AC4A}.Release|Mixed Platforms.Build.0 = Release|Any CPU
		{5A30DA47-5724-497A-96E2-9C4331D1AC4A}.Release|x86.ActiveCfg = Release|Any CPU
		{19C7870C-0112-458F-84C6-3A73D1F65BC7}.Debug|Any CPU.ActiveCfg = Debug|Any CPU
		{19C7870C-0112-458F-84C6-3A73D1F65BC7}.Debug|Any CPU.Build.0 = Debug|Any CPU
		{19C7870C-0112-458F-84C6-3A73D1F65BC7}.Debug|Mixed Platforms.ActiveCfg = Debug|Any CPU
		{19C7870C-0112-458F-84C6-3A73D1F65BC7}.Debug|Mixed Platforms.Build.0 = Debug|Any CPU
		{19C7870C-0112-458F-84C6-3A73D1F65BC7}.Debug|x86.ActiveCfg = Debug|Any CPU
		{19C7870C-0112-458F-84C6-3A73D1F65BC7}.Release|Any CPU.ActiveCfg = Release|Any CPU
		{19C7870C-0112-458F-84C6-3A73D1F65BC7}.Release|Any CPU.Build.0 = Release|Any CPU
		{19C7870C-0112-458F-84C6-3A73D1F65BC7}.Release|Mixed Platforms.ActiveCfg = Release|Any CPU
		{19C7870C-0112-458F-84C6-3A73D1F65BC7}.Release|Mixed Platforms.Build.0 = Release|Any CPU
		{19C7870C-0112-458F-84C6-3A73D1F65BC7}.Release|x86.ActiveCfg = Release|Any CPU
		{168B899F-5623-4554-AA91-260C4A46B202}.Debug|Any CPU.ActiveCfg = Debug|Any CPU
		{168B899F-5623-4554-AA91-260C4A46B202}.Debug|Any CPU.Build.0 = Debug|Any CPU
		{168B899F-5623-4554-AA91-260C4A46B202}.Debug|Mixed Platforms.ActiveCfg = Debug|Any CPU
		{168B899F-5623-4554-AA91-260C4A46B202}.Debug|Mixed Platforms.Build.0 = Debug|Any CPU
		{168B899F-5623-4554-AA91-260C4A46B202}.Debug|x86.ActiveCfg = Debug|Any CPU
		{168B899F-5623-4554-AA91-260C4A46B202}.Release|Any CPU.ActiveCfg = Release|Any CPU
		{168B899F-5623-4554-AA91-260C4A46B202}.Release|Any CPU.Build.0 = Release|Any CPU
		{168B899F-5623-4554-AA91-260C4A46B202}.Release|Mixed Platforms.ActiveCfg = Release|Any CPU
		{168B899F-5623-4554-AA91-260C4A46B202}.Release|Mixed Platforms.Build.0 = Release|Any CPU
		{168B899F-5623-4554-AA91-260C4A46B202}.Release|x86.ActiveCfg = Release|Any CPU
		{F377FA71-FAB2-431B-A65C-FBC40BFA35D9}.Debug|Any CPU.ActiveCfg = Debug|Any CPU
		{F377FA71-FAB2-431B-A65C-FBC40BFA35D9}.Debug|Any CPU.Build.0 = Debug|Any CPU
		{F377FA71-FAB2-431B-A65C-FBC40BFA35D9}.Debug|Mixed Platforms.ActiveCfg = Debug|Any CPU
		{F377FA71-FAB2-431B-A65C-FBC40BFA35D9}.Debug|Mixed Platforms.Build.0 = Debug|Any CPU
		{F377FA71-FAB2-431B-A65C-FBC40BFA35D9}.Debug|x86.ActiveCfg = Debug|Any CPU
		{F377FA71-FAB2-431B-A65C-FBC40BFA35D9}.Release|Any CPU.ActiveCfg = Release|Any CPU
		{F377FA71-FAB2-431B-A65C-FBC40BFA35D9}.Release|Any CPU.Build.0 = Release|Any CPU
		{F377FA71-FAB2-431B-A65C-FBC40BFA35D9}.Release|Mixed Platforms.ActiveCfg = Release|Any CPU
		{F377FA71-FAB2-431B-A65C-FBC40BFA35D9}.Release|Mixed Platforms.Build.0 = Release|Any CPU
		{F377FA71-FAB2-431B-A65C-FBC40BFA35D9}.Release|x86.ActiveCfg = Release|Any CPU
		{30B55616-2032-484C-BACE-C7CB341DFF05}.Debug|Any CPU.ActiveCfg = Debug|Any CPU
		{30B55616-2032-484C-BACE-C7CB341DFF05}.Debug|Any CPU.Build.0 = Debug|Any CPU
		{30B55616-2032-484C-BACE-C7CB341DFF05}.Debug|Mixed Platforms.ActiveCfg = Debug|Any CPU
		{30B55616-2032-484C-BACE-C7CB341DFF05}.Debug|Mixed Platforms.Build.0 = Debug|Any CPU
		{30B55616-2032-484C-BACE-C7CB341DFF05}.Debug|x86.ActiveCfg = Debug|Any CPU
		{30B55616-2032-484C-BACE-C7CB341DFF05}.Release|Any CPU.ActiveCfg = Release|Any CPU
		{30B55616-2032-484C-BACE-C7CB341DFF05}.Release|Any CPU.Build.0 = Release|Any CPU
		{30B55616-2032-484C-BACE-C7CB341DFF05}.Release|Mixed Platforms.ActiveCfg = Release|Any CPU
		{30B55616-2032-484C-BACE-C7CB341DFF05}.Release|Mixed Platforms.Build.0 = Release|Any CPU
		{30B55616-2032-484C-BACE-C7CB341DFF05}.Release|x86.ActiveCfg = Release|Any CPU
		{ED6D5943-D50A-479E-AD73-35198EBF671D}.Debug|Any CPU.ActiveCfg = Debug|Any CPU
		{ED6D5943-D50A-479E-AD73-35198EBF671D}.Debug|Any CPU.Build.0 = Debug|Any CPU
		{ED6D5943-D50A-479E-AD73-35198EBF671D}.Debug|Mixed Platforms.ActiveCfg = Debug|Any CPU
		{ED6D5943-D50A-479E-AD73-35198EBF671D}.Debug|Mixed Platforms.Build.0 = Debug|Any CPU
		{ED6D5943-D50A-479E-AD73-35198EBF671D}.Debug|x86.ActiveCfg = Debug|Any CPU
		{ED6D5943-D50A-479E-AD73-35198EBF671D}.Release|Any CPU.ActiveCfg = Release|Any CPU
		{ED6D5943-D50A-479E-AD73-35198EBF671D}.Release|Any CPU.Build.0 = Release|Any CPU
		{ED6D5943-D50A-479E-AD73-35198EBF671D}.Release|Mixed Platforms.ActiveCfg = Release|Any CPU
		{ED6D5943-D50A-479E-AD73-35198EBF671D}.Release|Mixed Platforms.Build.0 = Release|Any CPU
		{ED6D5943-D50A-479E-AD73-35198EBF671D}.Release|x86.ActiveCfg = Release|Any CPU
		{D9EFABEE-DD5B-49FC-9544-72CB3EB6C221}.Debug|Any CPU.ActiveCfg = Debug|Any CPU
		{D9EFABEE-DD5B-49FC-9544-72CB3EB6C221}.Debug|Any CPU.Build.0 = Debug|Any CPU
		{D9EFABEE-DD5B-49FC-9544-72CB3EB6C221}.Debug|Mixed Platforms.ActiveCfg = Debug|Any CPU
		{D9EFABEE-DD5B-49FC-9544-72CB3EB6C221}.Debug|Mixed Platforms.Build.0 = Debug|Any CPU
		{D9EFABEE-DD5B-49FC-9544-72CB3EB6C221}.Debug|x86.ActiveCfg = Debug|Any CPU
		{D9EFABEE-DD5B-49FC-9544-72CB3EB6C221}.Release|Any CPU.ActiveCfg = Release|Any CPU
		{D9EFABEE-DD5B-49FC-9544-72CB3EB6C221}.Release|Any CPU.Build.0 = Release|Any CPU
		{D9EFABEE-DD5B-49FC-9544-72CB3EB6C221}.Release|Mixed Platforms.ActiveCfg = Release|Any CPU
		{D9EFABEE-DD5B-49FC-9544-72CB3EB6C221}.Release|Mixed Platforms.Build.0 = Release|Any CPU
		{D9EFABEE-DD5B-49FC-9544-72CB3EB6C221}.Release|x86.ActiveCfg = Release|Any CPU
		{CD6FFF5E-A2DC-48E1-BA16-EF6F72A51750}.Debug|Any CPU.ActiveCfg = Debug|Any CPU
		{CD6FFF5E-A2DC-48E1-BA16-EF6F72A51750}.Debug|Any CPU.Build.0 = Debug|Any CPU
		{CD6FFF5E-A2DC-48E1-BA16-EF6F72A51750}.Debug|Mixed Platforms.ActiveCfg = Debug|Any CPU
		{CD6FFF5E-A2DC-48E1-BA16-EF6F72A51750}.Debug|Mixed Platforms.Build.0 = Debug|Any CPU
		{CD6FFF5E-A2DC-48E1-BA16-EF6F72A51750}.Debug|x86.ActiveCfg = Debug|Any CPU
		{CD6FFF5E-A2DC-48E1-BA16-EF6F72A51750}.Release|Any CPU.ActiveCfg = Release|Any CPU
		{CD6FFF5E-A2DC-48E1-BA16-EF6F72A51750}.Release|Any CPU.Build.0 = Release|Any CPU
		{CD6FFF5E-A2DC-48E1-BA16-EF6F72A51750}.Release|Mixed Platforms.ActiveCfg = Release|Any CPU
		{CD6FFF5E-A2DC-48E1-BA16-EF6F72A51750}.Release|Mixed Platforms.Build.0 = Release|Any CPU
		{CD6FFF5E-A2DC-48E1-BA16-EF6F72A51750}.Release|x86.ActiveCfg = Release|Any CPU
		{6BDBC14A-2B8A-4354-974C-DCC695ED0BA1}.Debug|Any CPU.ActiveCfg = Debug|Any CPU
		{6BDBC14A-2B8A-4354-974C-DCC695ED0BA1}.Debug|Any CPU.Build.0 = Debug|Any CPU
		{6BDBC14A-2B8A-4354-974C-DCC695ED0BA1}.Debug|Mixed Platforms.ActiveCfg = Debug|Any CPU
		{6BDBC14A-2B8A-4354-974C-DCC695ED0BA1}.Debug|Mixed Platforms.Build.0 = Debug|Any CPU
		{6BDBC14A-2B8A-4354-974C-DCC695ED0BA1}.Debug|x86.ActiveCfg = Debug|Any CPU
		{6BDBC14A-2B8A-4354-974C-DCC695ED0BA1}.Release|Any CPU.ActiveCfg = Release|Any CPU
		{6BDBC14A-2B8A-4354-974C-DCC695ED0BA1}.Release|Any CPU.Build.0 = Release|Any CPU
		{6BDBC14A-2B8A-4354-974C-DCC695ED0BA1}.Release|Mixed Platforms.ActiveCfg = Release|Any CPU
		{6BDBC14A-2B8A-4354-974C-DCC695ED0BA1}.Release|Mixed Platforms.Build.0 = Release|Any CPU
		{6BDBC14A-2B8A-4354-974C-DCC695ED0BA1}.Release|x86.ActiveCfg = Release|Any CPU
		{DACAB07D-1C35-4437-97EA-FFB10E0A70F2}.Debug|Any CPU.ActiveCfg = Debug|Any CPU
		{DACAB07D-1C35-4437-97EA-FFB10E0A70F2}.Debug|Any CPU.Build.0 = Debug|Any CPU
		{DACAB07D-1C35-4437-97EA-FFB10E0A70F2}.Debug|Mixed Platforms.ActiveCfg = Debug|Any CPU
		{DACAB07D-1C35-4437-97EA-FFB10E0A70F2}.Debug|Mixed Platforms.Build.0 = Debug|Any CPU
		{DACAB07D-1C35-4437-97EA-FFB10E0A70F2}.Debug|x86.ActiveCfg = Debug|Any CPU
		{DACAB07D-1C35-4437-97EA-FFB10E0A70F2}.Release|Any CPU.ActiveCfg = Release|Any CPU
		{DACAB07D-1C35-4437-97EA-FFB10E0A70F2}.Release|Any CPU.Build.0 = Release|Any CPU
		{DACAB07D-1C35-4437-97EA-FFB10E0A70F2}.Release|Mixed Platforms.ActiveCfg = Release|Any CPU
		{DACAB07D-1C35-4437-97EA-FFB10E0A70F2}.Release|Mixed Platforms.Build.0 = Release|Any CPU
		{DACAB07D-1C35-4437-97EA-FFB10E0A70F2}.Release|x86.ActiveCfg = Release|Any CPU
		{15B6560D-A7D4-4E9D-BE92-240C89AC8048}.Debug|Any CPU.ActiveCfg = Debug|Any CPU
		{15B6560D-A7D4-4E9D-BE92-240C89AC8048}.Debug|Any CPU.Build.0 = Debug|Any CPU
		{15B6560D-A7D4-4E9D-BE92-240C89AC8048}.Debug|Mixed Platforms.ActiveCfg = Debug|Any CPU
		{15B6560D-A7D4-4E9D-BE92-240C89AC8048}.Debug|Mixed Platforms.Build.0 = Debug|Any CPU
		{15B6560D-A7D4-4E9D-BE92-240C89AC8048}.Debug|x86.ActiveCfg = Debug|Any CPU
		{15B6560D-A7D4-4E9D-BE92-240C89AC8048}.Release|Any CPU.ActiveCfg = Release|Any CPU
		{15B6560D-A7D4-4E9D-BE92-240C89AC8048}.Release|Any CPU.Build.0 = Release|Any CPU
		{15B6560D-A7D4-4E9D-BE92-240C89AC8048}.Release|Mixed Platforms.ActiveCfg = Release|Any CPU
		{15B6560D-A7D4-4E9D-BE92-240C89AC8048}.Release|Mixed Platforms.Build.0 = Release|Any CPU
		{15B6560D-A7D4-4E9D-BE92-240C89AC8048}.Release|x86.ActiveCfg = Release|Any CPU
		{F00B62DC-733D-4F7E-A5A8-1E13280E37E0}.Debug|Any CPU.ActiveCfg = Debug|x86
		{F00B62DC-733D-4F7E-A5A8-1E13280E37E0}.Debug|Mixed Platforms.ActiveCfg = Debug|x86
		{F00B62DC-733D-4F7E-A5A8-1E13280E37E0}.Debug|Mixed Platforms.Build.0 = Debug|x86
		{F00B62DC-733D-4F7E-A5A8-1E13280E37E0}.Debug|x86.ActiveCfg = Debug|x86
		{F00B62DC-733D-4F7E-A5A8-1E13280E37E0}.Debug|x86.Build.0 = Debug|x86
		{F00B62DC-733D-4F7E-A5A8-1E13280E37E0}.Release|Any CPU.ActiveCfg = Release|x86
		{F00B62DC-733D-4F7E-A5A8-1E13280E37E0}.Release|Mixed Platforms.ActiveCfg = Release|x86
		{F00B62DC-733D-4F7E-A5A8-1E13280E37E0}.Release|Mixed Platforms.Build.0 = Release|x86
		{F00B62DC-733D-4F7E-A5A8-1E13280E37E0}.Release|x86.ActiveCfg = Release|x86
		{F00B62DC-733D-4F7E-A5A8-1E13280E37E0}.Release|x86.Build.0 = Release|x86
		{548A0FCB-36BD-4721-9884-B3FC52707364}.Debug|Any CPU.ActiveCfg = Debug|Any CPU
		{548A0FCB-36BD-4721-9884-B3FC52707364}.Debug|Any CPU.Build.0 = Debug|Any CPU
		{548A0FCB-36BD-4721-9884-B3FC52707364}.Debug|Mixed Platforms.ActiveCfg = Debug|Any CPU
		{548A0FCB-36BD-4721-9884-B3FC52707364}.Debug|Mixed Platforms.Build.0 = Debug|Any CPU
		{548A0FCB-36BD-4721-9884-B3FC52707364}.Debug|x86.ActiveCfg = Debug|Any CPU
		{548A0FCB-36BD-4721-9884-B3FC52707364}.Release|Any CPU.ActiveCfg = Release|Any CPU
		{548A0FCB-36BD-4721-9884-B3FC52707364}.Release|Any CPU.Build.0 = Release|Any CPU
		{548A0FCB-36BD-4721-9884-B3FC52707364}.Release|Mixed Platforms.ActiveCfg = Release|Any CPU
		{548A0FCB-36BD-4721-9884-B3FC52707364}.Release|Mixed Platforms.Build.0 = Release|Any CPU
		{548A0FCB-36BD-4721-9884-B3FC52707364}.Release|x86.ActiveCfg = Release|Any CPU
		{C5246FD9-8046-4428-91DF-D3D1116C2FD6}.Debug|Any CPU.ActiveCfg = Debug|Any CPU
		{C5246FD9-8046-4428-91DF-D3D1116C2FD6}.Debug|Any CPU.Build.0 = Debug|Any CPU
		{C5246FD9-8046-4428-91DF-D3D1116C2FD6}.Debug|Mixed Platforms.ActiveCfg = Debug|Any CPU
		{C5246FD9-8046-4428-91DF-D3D1116C2FD6}.Debug|Mixed Platforms.Build.0 = Debug|Any CPU
		{C5246FD9-8046-4428-91DF-D3D1116C2FD6}.Debug|x86.ActiveCfg = Debug|Any CPU
		{C5246FD9-8046-4428-91DF-D3D1116C2FD6}.Release|Any CPU.ActiveCfg = Release|Any CPU
		{C5246FD9-8046-4428-91DF-D3D1116C2FD6}.Release|Any CPU.Build.0 = Release|Any CPU
		{C5246FD9-8046-4428-91DF-D3D1116C2FD6}.Release|Mixed Platforms.ActiveCfg = Release|Any CPU
		{C5246FD9-8046-4428-91DF-D3D1116C2FD6}.Release|Mixed Platforms.Build.0 = Release|Any CPU
		{C5246FD9-8046-4428-91DF-D3D1116C2FD6}.Release|x86.ActiveCfg = Release|Any CPU
		{D6079D66-64B2-4A09-99BF-E07C15BF8101}.Debug|Any CPU.ActiveCfg = Debug|Any CPU
		{D6079D66-64B2-4A09-99BF-E07C15BF8101}.Debug|Any CPU.Build.0 = Debug|Any CPU
		{D6079D66-64B2-4A09-99BF-E07C15BF8101}.Debug|Mixed Platforms.ActiveCfg = Debug|Any CPU
		{D6079D66-64B2-4A09-99BF-E07C15BF8101}.Debug|Mixed Platforms.Build.0 = Debug|Any CPU
		{D6079D66-64B2-4A09-99BF-E07C15BF8101}.Debug|x86.ActiveCfg = Debug|Any CPU
		{D6079D66-64B2-4A09-99BF-E07C15BF8101}.Release|Any CPU.ActiveCfg = Release|Any CPU
		{D6079D66-64B2-4A09-99BF-E07C15BF8101}.Release|Any CPU.Build.0 = Release|Any CPU
		{D6079D66-64B2-4A09-99BF-E07C15BF8101}.Release|Mixed Platforms.ActiveCfg = Release|Any CPU
		{D6079D66-64B2-4A09-99BF-E07C15BF8101}.Release|Mixed Platforms.Build.0 = Release|Any CPU
		{D6079D66-64B2-4A09-99BF-E07C15BF8101}.Release|x86.ActiveCfg = Release|Any CPU
		{43D780AA-642B-4D21-B6B2-F3C0390A7973}.Debug|Any CPU.ActiveCfg = Debug|Any CPU
		{43D780AA-642B-4D21-B6B2-F3C0390A7973}.Debug|Any CPU.Build.0 = Debug|Any CPU
		{43D780AA-642B-4D21-B6B2-F3C0390A7973}.Debug|Mixed Platforms.ActiveCfg = Debug|Any CPU
		{43D780AA-642B-4D21-B6B2-F3C0390A7973}.Debug|Mixed Platforms.Build.0 = Debug|Any CPU
		{43D780AA-642B-4D21-B6B2-F3C0390A7973}.Debug|x86.ActiveCfg = Debug|Any CPU
		{43D780AA-642B-4D21-B6B2-F3C0390A7973}.Release|Any CPU.ActiveCfg = Release|Any CPU
		{43D780AA-642B-4D21-B6B2-F3C0390A7973}.Release|Any CPU.Build.0 = Release|Any CPU
		{43D780AA-642B-4D21-B6B2-F3C0390A7973}.Release|Mixed Platforms.ActiveCfg = Release|Any CPU
		{43D780AA-642B-4D21-B6B2-F3C0390A7973}.Release|Mixed Platforms.Build.0 = Release|Any CPU
		{43D780AA-642B-4D21-B6B2-F3C0390A7973}.Release|x86.ActiveCfg = Release|Any CPU
		{0BE18144-8243-4472-A62C-67B7FCB410B8}.Debug|Any CPU.ActiveCfg = Debug|Any CPU
		{0BE18144-8243-4472-A62C-67B7FCB410B8}.Debug|Any CPU.Build.0 = Debug|Any CPU
		{0BE18144-8243-4472-A62C-67B7FCB410B8}.Debug|Mixed Platforms.ActiveCfg = Debug|Any CPU
		{0BE18144-8243-4472-A62C-67B7FCB410B8}.Debug|Mixed Platforms.Build.0 = Debug|Any CPU
		{0BE18144-8243-4472-A62C-67B7FCB410B8}.Debug|x86.ActiveCfg = Debug|Any CPU
		{0BE18144-8243-4472-A62C-67B7FCB410B8}.Release|Any CPU.ActiveCfg = Release|Any CPU
		{0BE18144-8243-4472-A62C-67B7FCB410B8}.Release|Any CPU.Build.0 = Release|Any CPU
		{0BE18144-8243-4472-A62C-67B7FCB410B8}.Release|Mixed Platforms.ActiveCfg = Release|Any CPU
		{0BE18144-8243-4472-A62C-67B7FCB410B8}.Release|Mixed Platforms.Build.0 = Release|Any CPU
		{0BE18144-8243-4472-A62C-67B7FCB410B8}.Release|x86.ActiveCfg = Release|Any CPU
	EndGlobalSection
	GlobalSection(SolutionProperties) = preSolution
		HideSolutionNode = FALSE
	EndGlobalSection
	GlobalSection(NestedProjects) = preSolution
		{2D7B26C6-C786-4CE9-8442-F711C493917C} = {351394E1-F128-4725-BD62-DB03992E9757}
		{A6C5C824-2B01-4100-AB8C-4CB50F4A252C} = {351394E1-F128-4725-BD62-DB03992E9757}
		{9BFD2B59-C5F6-4C54-BA0C-3FCE63076FF3} = {351394E1-F128-4725-BD62-DB03992E9757}
		{BD5C9724-C623-4942-AB84-9C39DF06F8F6} = {90895662-C9A5-485F-AAAC-BB84EC07B8B9}
		{B6687AD5-3CE2-46F4-99E3-84DEE85F8503} = {BD5C9724-C623-4942-AB84-9C39DF06F8F6}
		{5A30DA47-5724-497A-96E2-9C4331D1AC4A} = {BD5C9724-C623-4942-AB84-9C39DF06F8F6}
		{0F31E012-294C-419F-B7C4-DB055B047E6F} = {BD5C9724-C623-4942-AB84-9C39DF06F8F6}
		{19C7870C-0112-458F-84C6-3A73D1F65BC7} = {871BDCE4-095A-464A-914A-AA26209E1C12}
		{168B899F-5623-4554-AA91-260C4A46B202} = {871BDCE4-095A-464A-914A-AA26209E1C12}
		{F377FA71-FAB2-431B-A65C-FBC40BFA35D9} = {67720584-2001-4906-968A-D0889D28A299}
		{30B55616-2032-484C-BACE-C7CB341DFF05} = {67720584-2001-4906-968A-D0889D28A299}
		{ED6D5943-D50A-479E-AD73-35198EBF671D} = {F81E2AC6-6CFA-49E5-9282-A68ADC61EC41}
		{D9EFABEE-DD5B-49FC-9544-72CB3EB6C221} = {C7320480-3055-4E70-840E-00D1397224DE}
		{CD6FFF5E-A2DC-48E1-BA16-EF6F72A51750} = {C7320480-3055-4E70-840E-00D1397224DE}
		{6BDBC14A-2B8A-4354-974C-DCC695ED0BA1} = {C7320480-3055-4E70-840E-00D1397224DE}
		{DACAB07D-1C35-4437-97EA-FFB10E0A70F2} = {970ED5B7-848E-4A64-818F-2B7B24F0F7C3}
		{15B6560D-A7D4-4E9D-BE92-240C89AC8048} = {970ED5B7-848E-4A64-818F-2B7B24F0F7C3}
		{F00B62DC-733D-4F7E-A5A8-1E13280E37E0} = {970ED5B7-848E-4A64-818F-2B7B24F0F7C3}
		{548A0FCB-36BD-4721-9884-B3FC52707364} = {970ED5B7-848E-4A64-818F-2B7B24F0F7C3}
		{C5246FD9-8046-4428-91DF-D3D1116C2FD6} = {9C860D8E-15C9-4615-9EE7-568CA8A3C86D}
		{D6079D66-64B2-4A09-99BF-E07C15BF8101} = {9C860D8E-15C9-4615-9EE7-568CA8A3C86D}
		{0BE18144-8243-4472-A62C-67B7FCB410B8} = {64AED2CC-C242-4655-A19C-817675BE634E}
	EndGlobalSection
EndGlobal
