               
Microsoft Visual Studio Solution File, Format Version 12.00
# Visual Studio 2012
Project("{2150E333-8FDC-42A3-9474-1A3956D46DE8}") = "Модуль 03 - Инкапсуляция", "Модуль 03 - Инкапсуляция", "{351394E1-F128-4725-BD62-DB03992E9757}"
EndProject
Project("{FAE04EC0-301F-11D3-BF4B-00C04F79EFBC}") = "Лекция 01 - Классы и структуры", "Модуль 03 - Инкапсуляция\Лекция 01 - Классы и структуры\Лекция 01 - Классы и структуры.csproj", "{A6C5C824-2B01-4100-AB8C-4CB50F4A252C}"
EndProject
Project("{FAE04EC0-301F-11D3-BF4B-00C04F79EFBC}") = "Лекция 02 - Методы", "Модуль 03 - Инкапсуляция\Лекция 02 - Методы\Лекция 02 - Методы.csproj", "{2D7B26C6-C786-4CE9-8442-F711C493917C}"
EndProject
Project("{FAE04EC0-301F-11D3-BF4B-00C04F79EFBC}") = "Лекция 03 - Целостность данных и свойства", "Модуль 03 - Инкапсуляция\Лекция 03 - Целостность данных и свойства\Лекция 03 - Целостность данных и свойства.csproj", "{9BFD2B59-C5F6-4C54-BA0C-3FCE63076FF3}"
EndProject
Project("{2150E333-8FDC-42A3-9474-1A3956D46DE8}") = "Модуль 04 - Автоматическое тестирование", "Модуль 04 - Автоматическое тестирование", "{90895662-C9A5-485F-AAAC-BB84EC07B8B9}"
EndProject
Project("{2150E333-8FDC-42A3-9474-1A3956D46DE8}") = "Лекция 01 - Функциональные и модульные тесты", "Лекция 01 - Функциональные и модульные тесты", "{BD5C9724-C623-4942-AB84-9C39DF06F8F6}"
EndProject
Project("{FAE04EC0-301F-11D3-BF4B-00C04F79EFBC}") = "Library", "Модуль 04 - Автоматическое тестирование\Лекция 01 - Функциональные и модульные тесты\Library\Library.csproj", "{0F31E012-294C-419F-B7C4-DB055B047E6F}"
EndProject
Project("{FAE04EC0-301F-11D3-BF4B-00C04F79EFBC}") = "Runner", "Модуль 04 - Автоматическое тестирование\Лекция 01 - Функциональные и модульные тесты\Runner\Runner.csproj", "{B6687AD5-3CE2-46F4-99E3-84DEE85F8503}"
EndProject
Project("{FAE04EC0-301F-11D3-BF4B-00C04F79EFBC}") = "Tests", "Модуль 04 - Автоматическое тестирование\Лекция 01 - Функциональные и модульные тесты\Tests\Tests.csproj", "{5A30DA47-5724-497A-96E2-9C4331D1AC4A}"
EndProject
Project("{2150E333-8FDC-42A3-9474-1A3956D46DE8}") = "Модуль 05 - Файлы и ресурсы", "Модуль 05 - Файлы и ресурсы", "{871BDCE4-095A-464A-914A-AA26209E1C12}"
EndProject
Project("{FAE04EC0-301F-11D3-BF4B-00C04F79EFBC}") = "Лекция 01 - Файлы", "Модуль 05 - Файлы и ресурсы\Лекция 01 - Файлы\Лекция 01 - Файлы.csproj", "{19C7870C-0112-458F-84C6-3A73D1F65BC7}"
EndProject
Project("{FAE04EC0-301F-11D3-BF4B-00C04F79EFBC}") = "Лекция 02 - Управление памятью", "Модуль 05 - Файлы и ресурсы\Лекция 02 - Управление памятью\Лекция 02 - Управление памятью.csproj", "{168B899F-5623-4554-AA91-260C4A46B202}"
EndProject
Project("{2150E333-8FDC-42A3-9474-1A3956D46DE8}") = "Модуль 06 - Наследование и полиморфизм", "Модуль 06 - Наследование и полиморфизм", "{67720584-2001-4906-968A-D0889D28A299}"
EndProject
Project("{FAE04EC0-301F-11D3-BF4B-00C04F79EFBC}") = "Лекция 01 - Интерфейсы", "Модуль 06 - Наследование и полиморфизм\Лекция 01 - Интерфейсы\Лекция 01 - Интерфейсы.csproj", "{F377FA71-FAB2-431B-A65C-FBC40BFA35D9}"
EndProject
Project("{FAE04EC0-301F-11D3-BF4B-00C04F79EFBC}") = "Лекция 02 - Базовые классы", "Модуль 06 - Наследование и полиморфизм\Лекция 02 - Базовые классы\Лекция 02 - Базовые классы.csproj", "{30B55616-2032-484C-BACE-C7CB341DFF05}"
EndProject
Project("{2150E333-8FDC-42A3-9474-1A3956D46DE8}") = "Модуль 07 - Рефлексия типов", "Модуль 07 - Рефлексия типов", "{F81E2AC6-6CFA-49E5-9282-A68ADC61EC41}"
EndProject
Project("{FAE04EC0-301F-11D3-BF4B-00C04F79EFBC}") = "Лекция 01 - Рефлексия типов", "Модуль 07 - Рефлексия типов\Лекция 01 - Рефлексия типов\Лекция 01 - Рефлексия типов.csproj", "{ED6D5943-D50A-479E-AD73-35198EBF671D}"
EndProject
Project("{2150E333-8FDC-42A3-9474-1A3956D46DE8}") = "Модуль 08 - Генерики", "Модуль 08 - Генерики", "{C7320480-3055-4E70-840E-00D1397224DE}"
EndProject
Project("{FAE04EC0-301F-11D3-BF4B-00C04F79EFBC}") = "Лекция 01 - Генерик-коллекции", "Модуль 08 - Генерики\Лекция 01 - Генерик-коллекции\Лекция 01 - Генерик-коллекции.csproj", "{D9EFABEE-DD5B-49FC-9544-72CB3EB6C221}"
EndProject
Project("{FAE04EC0-301F-11D3-BF4B-00C04F79EFBC}") = "Лекция 02 - Создание генерик-типа", "Модуль 08 - Генерики\Лекция 02 - Создание генерик-типа\Лекция 02 - Создание генерик-типа.csproj", "{CD6FFF5E-A2DC-48E1-BA16-EF6F72A51750}"
EndProject
Project("{FAE04EC0-301F-11D3-BF4B-00C04F79EFBC}") = "Лекция 03 - Генерик-интерфейсы", "Модуль 08 - Генерики\Лекция 03 - Генерик-интерфейсы\Лекция 03 - Генерик-интерфейсы.csproj", "{6BDBC14A-2B8A-4354-974C-DCC695ED0BA1}"
EndProject
Project("{2150E333-8FDC-42A3-9474-1A3956D46DE8}") = "Модуль 09 - Делегаты и события", "Модуль 09 - Делегаты и события", "{970ED5B7-848E-4A64-818F-2B7B24F0F7C3}"
EndProject
Project("{FAE04EC0-301F-11D3-BF4B-00C04F79EFBC}") = "Лекция 01 - Делегаты", "Модуль 09 - Делегаты и события\Лекция 01 - Делегаты\Лекция 01 - Делегаты.csproj", "{DACAB07D-1C35-4437-97EA-FFB10E0A70F2}"
EndProject
Project("{FAE04EC0-301F-11D3-BF4B-00C04F79EFBC}") = "Лекция 02 - События", "Модуль 09 - Делегаты и события\Лекция 02 - События\Лекция 02 - События.csproj", "{15B6560D-A7D4-4E9D-BE92-240C89AC8048}"
EndProject
Project("{FAE04EC0-301F-11D3-BF4B-00C04F79EFBC}") = "Лекция 03 - Windows Forms", "Модуль 09 - Делегаты и события\Лекция 03 - Windows Forms\Лекция 03 - Windows Forms.csproj", "{F00B62DC-733D-4F7E-A5A8-1E13280E37E0}"
EndProject
Project("{FAE04EC0-301F-11D3-BF4B-00C04F79EFBC}") = "Лекция 04 - LINQ Expressions", "Модуль 09 - Делегаты и события\Лекция 04 - LINQ Expressions\Лекция 04 - LINQ Expressions.csproj", "{548A0FCB-36BD-4721-9884-B3FC52707364}"
EndProject
Project("{2150E333-8FDC-42A3-9474-1A3956D46DE8}") = "Модуль 10 - LINQ", "Модуль 10 - LINQ", "{9C860D8E-15C9-4615-9EE7-568CA8A3C86D}"
EndProject
Project("{FAE04EC0-301F-11D3-BF4B-00C04F79EFBC}") = "Лекция 01 - Перечислимые типы", "Модуль 10 - LINQ\Лекция 01 - Перечислимые типы\Лекция 01 - Перечислимые типы.csproj", "{C5246FD9-8046-4428-91DF-D3D1116C2FD6}"
EndProject
Project("{FAE04EC0-301F-11D3-BF4B-00C04F79EFBC}") = "Лекция 02 - LINQ", "Модуль 10 - LINQ\Лекция 02 - LINQ\Лекция 02 - LINQ.csproj", "{D6079D66-64B2-4A09-99BF-E07C15BF8101}"
EndProject
Project("{2150E333-8FDC-42A3-9474-1A3956D46DE8}") = "Модуль 11 - Параллельное программирование", "Модуль 11 - Параллельное программирование", "{64AED2CC-C242-4655-A19C-817675BE634E}"
EndProject
Project("{FAE04EC0-301F-11D3-BF4B-00C04F79EFBC}") = "Лекция 01 - Асинхронное программирование интерфейсов", "Модуль 11 - Параллельное программирование\Лекция 01 - Асинхронное программирование интерфейсов\Лекция 01 - Асинхронное программирование интерфейсов.csproj", "{0BE18144-8243-4472-A62C-67B7FCB410B8}"
EndProject
Project("{2150E333-8FDC-42A3-9474-1A3956D46DE8}") = "Common", "Common", "{B0CDCB11-D0EA-4C93-A64E-128EBB4E5277}"
EndProject
Project("{FAE04EC0-301F-11D3-BF4B-00C04F79EFBC}") = "Common", "Common\Common.csproj", "{43D780AA-642B-4D21-B6B2-F3C0390A7973}"
EndProject
Project("{FAE04EC0-301F-11D3-BF4B-00C04F79EFBC}") = "Harmonizer", "..\Harmonizer\Harmonizer.csproj", "{F975BA54-D207-4C65-AA7C-DD4EAABA2106}"
EndProject
Project("{FAE04EC0-301F-11D3-BF4B-00C04F79EFBC}") = "Harmonizer.Tests", "..\Harmonizer.Tests\Harmonizer.Tests.csproj", "{5C438372-E9FE-4965-B7B8-56EDCFFD5339}"
EndProject
Project("{FAE04EC0-301F-11D3-BF4B-00C04F79EFBC}") = "Harmonizer.Run", "..\Harmonizer.Run\Harmonizer.Run.csproj", "{0F43210E-4B25-46B6-80D0-90E1A0FAF98D}"
EndProject
Project("{2150E333-8FDC-42A3-9474-1A3956D46DE8}") = "Модуль 02 - Базовые программные конструкции", "Модуль 02 - Базовые программные конструкции", "{8E95DBFB-6DB2-4A83-9FC2-F1BC6761EEDA}"
EndProject
Project("{FAE04EC0-301F-11D3-BF4B-00C04F79EFBC}") = "Лекция 01 - Типы и переменные", "Модуль 02 - Базовые программные конструкции\Лекция 01 - Типы и переменные\Лекция 01 - Типы и переменные.csproj", "{F876F2F6-2D42-4757-A5A9-FCD387929235}"
EndProject
Project("{FAE04EC0-301F-11D3-BF4B-00C04F79EFBC}") = "Лекция 02 - Условия и исключения", "Модуль 02 - Базовые программные конструкции\Лекция 02 - Условия и исключения\Лекция 02 - Условия и исключения.csproj", "{0D632601-4ADD-4863-AA3A-513676308073}"
EndProject
Project("{FAE04EC0-301F-11D3-BF4B-00C04F79EFBC}") = "Лекция 03 - Массивы и циклы", "Модуль 02 - Базовые программные конструкции\Лекция 03 - Массивы и циклы\Лекция 03 - Массивы и циклы.csproj", "{F2B1AC6B-AFEE-4A2E-9F6A-3B5E89F402C6}"
EndProject
Project("{FAE04EC0-301F-11D3-BF4B-00C04F79EFBC}") = "Лекция 04 - Строки и регулярные выражения", "Модуль 02 - Базовые программные конструкции\Лекция 04 - Строки и регулярные выражения\Лекция 04 - Строки и регулярные выражения.csproj", "{5C482C74-690F-4248-97C5-280C55898C2D}"
EndProject
Project("{2150E333-8FDC-42A3-9474-1A3956D46DE8}") = "Лабораторные работы", "Лабораторные работы", "{5E3F0D3D-BD9C-4C9D-AB70-319FAA407DB1}"
EndProject
Project("{FAE04EC0-301F-11D3-BF4B-00C04F79EFBC}") = "Лабораторная работа 1", "Лабораторные работы\Лабораторная работа 1\Лабораторная работа 1.csproj", "{8EEC2896-3252-49AC-B4F2-4F4BAA3C7EFF}"
EndProject
Project("{FAE04EC0-301F-11D3-BF4B-00C04F79EFBC}") = "Лабораторная работа 2", "Лабораторные работы\Лабораторная работа 2\Лабораторная работа 2.csproj", "{1E278156-A549-4E5D-B524-FBF3C53E7021}"
EndProject

Global
	GlobalSection(SolutionConfigurationPlatforms) = preSolution
		Debug|Any CPU = Debug|Any CPU
		Debug|Mixed Platforms = Debug|Mixed Platforms
		Debug|x86 = Debug|x86
		Release|Any CPU = Release|Any CPU
		Release|Mixed Platforms = Release|Mixed Platforms
		Release|x86 = Release|x86
	EndGlobalSection
    GlobalSection(SolutionProperties) = preSolution
		HideSolutionNode = FALSE
	EndGlobalSection

    GlobalSection(NestedProjects) = preSolution
			{A6C5C824-2B01-4100-AB8C-4CB50F4A252C} = {351394E1-F128-4725-BD62-DB03992E9757}
			{2D7B26C6-C786-4CE9-8442-F711C493917C} = {351394E1-F128-4725-BD62-DB03992E9757}
			{9BFD2B59-C5F6-4C54-BA0C-3FCE63076FF3} = {351394E1-F128-4725-BD62-DB03992E9757}
			{BD5C9724-C623-4942-AB84-9C39DF06F8F6} = {90895662-C9A5-485F-AAAC-BB84EC07B8B9}
			{0F31E012-294C-419F-B7C4-DB055B047E6F} = {BD5C9724-C623-4942-AB84-9C39DF06F8F6}
			{B6687AD5-3CE2-46F4-99E3-84DEE85F8503} = {BD5C9724-C623-4942-AB84-9C39DF06F8F6}
			{5A30DA47-5724-497A-96E2-9C4331D1AC4A} = {BD5C9724-C623-4942-AB84-9C39DF06F8F6}
			{19C7870C-0112-458F-84C6-3A73D1F65BC7} = {871BDCE4-095A-464A-914A-AA26209E1C12}
			{168B899F-5623-4554-AA91-260C4A46B202} = {871BDCE4-095A-464A-914A-AA26209E1C12}
			{F377FA71-FAB2-431B-A65C-FBC40BFA35D9} = {67720584-2001-4906-968A-D0889D28A299}
			{30B55616-2032-484C-BACE-C7CB341DFF05} = {67720584-2001-4906-968A-D0889D28A299}
			{ED6D5943-D50A-479E-AD73-35198EBF671D} = {F81E2AC6-6CFA-49E5-9282-A68ADC61EC41}
			{D9EFABEE-DD5B-49FC-9544-72CB3EB6C221} = {C7320480-3055-4E70-840E-00D1397224DE}
			{CD6FFF5E-A2DC-48E1-BA16-EF6F72A51750} = {C7320480-3055-4E70-840E-00D1397224DE}
			{6BDBC14A-2B8A-4354-974C-DCC695ED0BA1} = {C7320480-3055-4E70-840E-00D1397224DE}
			{DACAB07D-1C35-4437-97EA-FFB10E0A70F2} = {970ED5B7-848E-4A64-818F-2B7B24F0F7C3}
			{15B6560D-A7D4-4E9D-BE92-240C89AC8048} = {970ED5B7-848E-4A64-818F-2B7B24F0F7C3}
			{F00B62DC-733D-4F7E-A5A8-1E13280E37E0} = {970ED5B7-848E-4A64-818F-2B7B24F0F7C3}
			{548A0FCB-36BD-4721-9884-B3FC52707364} = {970ED5B7-848E-4A64-818F-2B7B24F0F7C3}
			{C5246FD9-8046-4428-91DF-D3D1116C2FD6} = {9C860D8E-15C9-4615-9EE7-568CA8A3C86D}
			{D6079D66-64B2-4A09-99BF-E07C15BF8101} = {9C860D8E-15C9-4615-9EE7-568CA8A3C86D}
			{0BE18144-8243-4472-A62C-67B7FCB410B8} = {64AED2CC-C242-4655-A19C-817675BE634E}
			{43D780AA-642B-4D21-B6B2-F3C0390A7973} = {B0CDCB11-D0EA-4C93-A64E-128EBB4E5277}
			{F975BA54-D207-4C65-AA7C-DD4EAABA2106} = {B0CDCB11-D0EA-4C93-A64E-128EBB4E5277}
			{5C438372-E9FE-4965-B7B8-56EDCFFD5339} = {B0CDCB11-D0EA-4C93-A64E-128EBB4E5277}
			{0F43210E-4B25-46B6-80D0-90E1A0FAF98D} = {B0CDCB11-D0EA-4C93-A64E-128EBB4E5277}
			{F876F2F6-2D42-4757-A5A9-FCD387929235} = {8E95DBFB-6DB2-4A83-9FC2-F1BC6761EEDA}
			{0D632601-4ADD-4863-AA3A-513676308073} = {8E95DBFB-6DB2-4A83-9FC2-F1BC6761EEDA}
			{F2B1AC6B-AFEE-4A2E-9F6A-3B5E89F402C6} = {8E95DBFB-6DB2-4A83-9FC2-F1BC6761EEDA}
			{5C482C74-690F-4248-97C5-280C55898C2D} = {8E95DBFB-6DB2-4A83-9FC2-F1BC6761EEDA}
			{8EEC2896-3252-49AC-B4F2-4F4BAA3C7EFF} = {5E3F0D3D-BD9C-4C9D-AB70-319FAA407DB1}
			{1E278156-A549-4E5D-B524-FBF3C53E7021} = {5E3F0D3D-BD9C-4C9D-AB70-319FAA407DB1}
EndGlobalSection
EndGlobal
